// !$*UTF8*$!
{
	archiveVersion = 1;
	classes = {
	};
	objectVersion = 56;
	objects = {

/* Begin PBXBuildFile section */
		C63372C1E881105270B328BF /* Pods_checksc.framework in Frameworks */ = {isa = PBXBuildFile; fileRef = 321EBD47859BECF8BD892C49 /* Pods_checksc.framework */; };
		CD4A0D7F2A69A348009DD608 /* AppDelegate.swift in Sources */ = {isa = PBXBuildFile; fileRef = CD4A0D7E2A69A348009DD608 /* AppDelegate.swift */; };
		CD4A0D812A69A348009DD608 /* SceneDelegate.swift in Sources */ = {isa = PBXBuildFile; fileRef = CD4A0D802A69A348009DD608 /* SceneDelegate.swift */; };
		CD4A0D832A69A348009DD608 /* ViewController.swift in Sources */ = {isa = PBXBuildFile; fileRef = CD4A0D822A69A348009DD608 /* ViewController.swift */; };
		CD4A0D862A69A348009DD608 /* Main.storyboard in Resources */ = {isa = PBXBuildFile; fileRef = CD4A0D842A69A348009DD608 /* Main.storyboard */; };
		CD4A0D882A69A349009DD608 /* Assets.xcassets in Resources */ = {isa = PBXBuildFile; fileRef = CD4A0D872A69A349009DD608 /* Assets.xcassets */; };
		CD4A0D8B2A69A349009DD608 /* LaunchScreen.storyboard in Resources */ = {isa = PBXBuildFile; fileRef = CD4A0D892A69A349009DD608 /* LaunchScreen.storyboard */; };
		CD4A0D962A69A349009DD608 /* checkscTests.swift in Sources */ = {isa = PBXBuildFile; fileRef = CD4A0D952A69A349009DD608 /* checkscTests.swift */; };
		CD4A0DA02A69A349009DD608 /* checkscUITests.swift in Sources */ = {isa = PBXBuildFile; fileRef = CD4A0D9F2A69A349009DD608 /* checkscUITests.swift */; };
		CD4A0DA22A69A349009DD608 /* checkscUITestsLaunchTests.swift in Sources */ = {isa = PBXBuildFile; fileRef = CD4A0DA12A69A349009DD608 /* checkscUITestsLaunchTests.swift */; };
		D50CAEC82459C08534D57837 /* Pods_checkscTests.framework in Frameworks */ = {isa = PBXBuildFile; fileRef = 2DC50D06493B374817B3085C /* Pods_checkscTests.framework */; };
		F807EB73164765B8EB51FCED /* Pods_checksc_checkscUITests.framework in Frameworks */ = {isa = PBXBuildFile; fileRef = 67B296633AD4266CBC2F278D /* Pods_checksc_checkscUITests.framework */; };
/* End PBXBuildFile section */

/* Begin PBXContainerItemProxy section */
		CD4A0D922A69A349009DD608 /* PBXContainerItemProxy */ = {
			isa = PBXContainerItemProxy;
			containerPortal = CD4A0D732A69A348009DD608 /* Project object */;
			proxyType = 1;
			remoteGlobalIDString = CD4A0D7A2A69A348009DD608;
			remoteInfo = checksc;
		};
		CD4A0D9C2A69A349009DD608 /* PBXContainerItemProxy */ = {
			isa = PBXContainerItemProxy;
			containerPortal = CD4A0D732A69A348009DD608 /* Project object */;
			proxyType = 1;
			remoteGlobalIDString = CD4A0D7A2A69A348009DD608;
			remoteInfo = checksc;
		};
/* End PBXContainerItemProxy section */

/* Begin PBXFileReference section */
		2DC50D06493B374817B3085C /* Pods_checkscTests.framework */ = {isa = PBXFileReference; explicitFileType = wrapper.framework; includeInIndex = 0; path = Pods_checkscTests.framework; sourceTree = BUILT_PRODUCTS_DIR; };
		321EBD47859BECF8BD892C49 /* Pods_checksc.framework */ = {isa = PBXFileReference; explicitFileType = wrapper.framework; includeInIndex = 0; path = Pods_checksc.framework; sourceTree = BUILT_PRODUCTS_DIR; };
		67B296633AD4266CBC2F278D /* Pods_checksc_checkscUITests.framework */ = {isa = PBXFileReference; explicitFileType = wrapper.framework; includeInIndex = 0; path = Pods_checksc_checkscUITests.framework; sourceTree = BUILT_PRODUCTS_DIR; };
		89861EA0B33E06A29E60222B /* Pods-checksc.release.xcconfig */ = {isa = PBXFileReference; includeInIndex = 1; lastKnownFileType = text.xcconfig; name = "Pods-checksc.release.xcconfig"; path = "Target Support Files/Pods-checksc/Pods-checksc.release.xcconfig"; sourceTree = "<group>"; };
		A61C4E18DCA074D3D7658953 /* Pods-checksc.debug.xcconfig */ = {isa = PBXFileReference; includeInIndex = 1; lastKnownFileType = text.xcconfig; name = "Pods-checksc.debug.xcconfig"; path = "Target Support Files/Pods-checksc/Pods-checksc.debug.xcconfig"; sourceTree = "<group>"; };
		AEC68FFF346B6D0A2EEFE425 /* Pods-checkscTests.debug.xcconfig */ = {isa = PBXFileReference; includeInIndex = 1; lastKnownFileType = text.xcconfig; name = "Pods-checkscTests.debug.xcconfig"; path = "Target Support Files/Pods-checkscTests/Pods-checkscTests.debug.xcconfig"; sourceTree = "<group>"; };
		B8F210E6120194AF999D5F02 /* Pods-checksc-checkscUITests.release.xcconfig */ = {isa = PBXFileReference; includeInIndex = 1; lastKnownFileType = text.xcconfig; name = "Pods-checksc-checkscUITests.release.xcconfig"; path = "Target Support Files/Pods-checksc-checkscUITests/Pods-checksc-checkscUITests.release.xcconfig"; sourceTree = "<group>"; };
		C7B3C5E9E8CFBF4DE4FB4482 /* Pods-checkscTests.release.xcconfig */ = {isa = PBXFileReference; includeInIndex = 1; lastKnownFileType = text.xcconfig; name = "Pods-checkscTests.release.xcconfig"; path = "Target Support Files/Pods-checkscTests/Pods-checkscTests.release.xcconfig"; sourceTree = "<group>"; };
		CD4A0D7B2A69A348009DD608 /* checksc.app */ = {isa = PBXFileReference; explicitFileType = wrapper.application; includeInIndex = 0; path = checksc.app; sourceTree = BUILT_PRODUCTS_DIR; };
		CD4A0D7E2A69A348009DD608 /* AppDelegate.swift */ = {isa = PBXFileReference; lastKnownFileType = sourcecode.swift; path = AppDelegate.swift; sourceTree = "<group>"; };
		CD4A0D802A69A348009DD608 /* SceneDelegate.swift */ = {isa = PBXFileReference; lastKnownFileType = sourcecode.swift; path = SceneDelegate.swift; sourceTree = "<group>"; };
		CD4A0D822A69A348009DD608 /* ViewController.swift */ = {isa = PBXFileReference; lastKnownFileType = sourcecode.swift; path = ViewController.swift; sourceTree = "<group>"; };
		CD4A0D852A69A348009DD608 /* Base */ = {isa = PBXFileReference; lastKnownFileType = file.storyboard; name = Base; path = Base.lproj/Main.storyboard; sourceTree = "<group>"; };
		CD4A0D872A69A349009DD608 /* Assets.xcassets */ = {isa = PBXFileReference; lastKnownFileType = folder.assetcatalog; path = Assets.xcassets; sourceTree = "<group>"; };
		CD4A0D8A2A69A349009DD608 /* Base */ = {isa = PBXFileReference; lastKnownFileType = file.storyboard; name = Base; path = Base.lproj/LaunchScreen.storyboard; sourceTree = "<group>"; };
		CD4A0D8C2A69A349009DD608 /* Info.plist */ = {isa = PBXFileReference; lastKnownFileType = text.plist.xml; path = Info.plist; sourceTree = "<group>"; };
		CD4A0D912A69A349009DD608 /* checkscTests.xctest */ = {isa = PBXFileReference; explicitFileType = wrapper.cfbundle; includeInIndex = 0; path = checkscTests.xctest; sourceTree = BUILT_PRODUCTS_DIR; };
		CD4A0D952A69A349009DD608 /* checkscTests.swift */ = {isa = PBXFileReference; lastKnownFileType = sourcecode.swift; path = checkscTests.swift; sourceTree = "<group>"; };
		CD4A0D9B2A69A349009DD608 /* checkscUITests.xctest */ = {isa = PBXFileReference; explicitFileType = wrapper.cfbundle; includeInIndex = 0; path = checkscUITests.xctest; sourceTree = BUILT_PRODUCTS_DIR; };
		CD4A0D9F2A69A349009DD608 /* checkscUITests.swift */ = {isa = PBXFileReference; lastKnownFileType = sourcecode.swift; path = checkscUITests.swift; sourceTree = "<group>"; };
		CD4A0DA12A69A349009DD608 /* checkscUITestsLaunchTests.swift */ = {isa = PBXFileReference; lastKnownFileType = sourcecode.swift; path = checkscUITestsLaunchTests.swift; sourceTree = "<group>"; };
		E83ED619F4152EDE61ADE1F7 /* Pods-checksc-checkscUITests.debug.xcconfig */ = {isa = PBXFileReference; includeInIndex = 1; lastKnownFileType = text.xcconfig; name = "Pods-checksc-checkscUITests.debug.xcconfig"; path = "Target Support Files/Pods-checksc-checkscUITests/Pods-checksc-checkscUITests.debug.xcconfig"; sourceTree = "<group>"; };
/* End PBXFileReference section */

/* Begin PBXFrameworksBuildPhase section */
		CD4A0D782A69A348009DD608 /* Frameworks */ = {
			isa = PBXFrameworksBuildPhase;
			buildActionMask = 2147483647;
			files = (
				C63372C1E881105270B328BF /* Pods_checksc.framework in Frameworks */,
			);
			runOnlyForDeploymentPostprocessing = 0;
		};
		CD4A0D8E2A69A349009DD608 /* Frameworks */ = {
			isa = PBXFrameworksBuildPhase;
			buildActionMask = 2147483647;
			files = (
				D50CAEC82459C08534D57837 /* Pods_checkscTests.framework in Frameworks */,
			);
			runOnlyForDeploymentPostprocessing = 0;
		};
		CD4A0D982A69A349009DD608 /* Frameworks */ = {
			isa = PBXFrameworksBuildPhase;
			buildActionMask = 2147483647;
			files = (
				F807EB73164765B8EB51FCED /* Pods_checksc_checkscUITests.framework in Frameworks */,
			);
			runOnlyForDeploymentPostprocessing = 0;
		};
/* End PBXFrameworksBuildPhase section */

/* Begin PBXGroup section */
		7D64F277A41F76F922B09EF1 /* Frameworks */ = {
			isa = PBXGroup;
			children = (
				321EBD47859BECF8BD892C49 /* Pods_checksc.framework */,
				67B296633AD4266CBC2F278D /* Pods_checksc_checkscUITests.framework */,
				2DC50D06493B374817B3085C /* Pods_checkscTests.framework */,
			);
			name = Frameworks;
			sourceTree = "<group>";
		};
		CBF5ADBC4BE1394317988B23 /* Pods */ = {
			isa = PBXGroup;
			children = (
				A61C4E18DCA074D3D7658953 /* Pods-checksc.debug.xcconfig */,
				89861EA0B33E06A29E60222B /* Pods-checksc.release.xcconfig */,
				E83ED619F4152EDE61ADE1F7 /* Pods-checksc-checkscUITests.debug.xcconfig */,
				B8F210E6120194AF999D5F02 /* Pods-checksc-checkscUITests.release.xcconfig */,
				AEC68FFF346B6D0A2EEFE425 /* Pods-checkscTests.debug.xcconfig */,
				C7B3C5E9E8CFBF4DE4FB4482 /* Pods-checkscTests.release.xcconfig */,
			);
			name = Pods;
			path = Pods;
			sourceTree = "<group>";
		};
		CD4A0D722A69A348009DD608 = {
			isa = PBXGroup;
			children = (
				CD4A0D7D2A69A348009DD608 /* checksc */,
				CD4A0D942A69A349009DD608 /* checkscTests */,
				CD4A0D9E2A69A349009DD608 /* checkscUITests */,
				CD4A0D7C2A69A348009DD608 /* Products */,
				CBF5ADBC4BE1394317988B23 /* Pods */,
				7D64F277A41F76F922B09EF1 /* Frameworks */,
			);
			sourceTree = "<group>";
		};
		CD4A0D7C2A69A348009DD608 /* Products */ = {
			isa = PBXGroup;
			children = (
				CD4A0D7B2A69A348009DD608 /* checksc.app */,
				CD4A0D912A69A349009DD608 /* checkscTests.xctest */,
				CD4A0D9B2A69A349009DD608 /* checkscUITests.xctest */,
			);
			name = Products;
			sourceTree = "<group>";
		};
		CD4A0D7D2A69A348009DD608 /* checksc */ = {
			isa = PBXGroup;
			children = (
				CD4A0D7E2A69A348009DD608 /* AppDelegate.swift */,
				CD4A0D802A69A348009DD608 /* SceneDelegate.swift */,
				CD4A0D822A69A348009DD608 /* ViewController.swift */,
				CD4A0D842A69A348009DD608 /* Main.storyboard */,
				CD4A0D872A69A349009DD608 /* Assets.xcassets */,
				CD4A0D892A69A349009DD608 /* LaunchScreen.storyboard */,
				CD4A0D8C2A69A349009DD608 /* Info.plist */,
			);
			path = checksc;
			sourceTree = "<group>";
		};
		CD4A0D942A69A349009DD608 /* checkscTests */ = {
			isa = PBXGroup;
			children = (
				CD4A0D952A69A349009DD608 /* checkscTests.swift */,
			);
			path = checkscTests;
			sourceTree = "<group>";
		};
		CD4A0D9E2A69A349009DD608 /* checkscUITests */ = {
			isa = PBXGroup;
			children = (
				CD4A0D9F2A69A349009DD608 /* checkscUITests.swift */,
				CD4A0DA12A69A349009DD608 /* checkscUITestsLaunchTests.swift */,
			);
			path = checkscUITests;
			sourceTree = "<group>";
		};
/* End PBXGroup section */

/* Begin PBXNativeTarget section */
		CD4A0D7A2A69A348009DD608 /* checksc */ = {
			isa = PBXNativeTarget;
			buildConfigurationList = CD4A0DA52A69A349009DD608 /* Build configuration list for PBXNativeTarget "checksc" */;
			buildPhases = (
				4657EF75D51AE409956F9323 /* [CP] Check Pods Manifest.lock */,
				CD4A0D772A69A348009DD608 /* Sources */,
				CD4A0D782A69A348009DD608 /* Frameworks */,
				CD4A0D792A69A348009DD608 /* Resources */,
				90629EC1A18B49DF7B441356 /* [CP] Embed Pods Frameworks */,
			);
			buildRules = (
			);
			dependencies = (
			);
			name = checksc;
			productName = checksc;
			productReference = CD4A0D7B2A69A348009DD608 /* checksc.app */;
			productType = "com.apple.product-type.application";
		};
		CD4A0D902A69A349009DD608 /* checkscTests */ = {
			isa = PBXNativeTarget;
			buildConfigurationList = CD4A0DA82A69A349009DD608 /* Build configuration list for PBXNativeTarget "checkscTests" */;
			buildPhases = (
				736DB8A8698B682F0E00A0BC /* [CP] Check Pods Manifest.lock */,
				CD4A0D8D2A69A349009DD608 /* Sources */,
				CD4A0D8E2A69A349009DD608 /* Frameworks */,
				CD4A0D8F2A69A349009DD608 /* Resources */,
			);
			buildRules = (
			);
			dependencies = (
				CD4A0D932A69A349009DD608 /* PBXTargetDependency */,
			);
			name = checkscTests;
			productName = checkscTests;
			productReference = CD4A0D912A69A349009DD608 /* checkscTests.xctest */;
			productType = "com.apple.product-type.bundle.unit-test";
		};
		CD4A0D9A2A69A349009DD608 /* checkscUITests */ = {
			isa = PBXNativeTarget;
			buildConfigurationList = CD4A0DAB2A69A349009DD608 /* Build configuration list for PBXNativeTarget "checkscUITests" */;
			buildPhases = (
				A79ADB8ABDA0B763FCC35F64 /* [CP] Check Pods Manifest.lock */,
				CD4A0D972A69A349009DD608 /* Sources */,
				CD4A0D982A69A349009DD608 /* Frameworks */,
				CD4A0D992A69A349009DD608 /* Resources */,
				4CCE6E9AC0CE06B1644CD300 /* [CP] Embed Pods Frameworks */,
			);
			buildRules = (
			);
			dependencies = (
				CD4A0D9D2A69A349009DD608 /* PBXTargetDependency */,
			);
			name = checkscUITests;
			productName = checkscUITests;
			productReference = CD4A0D9B2A69A349009DD608 /* checkscUITests.xctest */;
			productType = "com.apple.product-type.bundle.ui-testing";
		};
/* End PBXNativeTarget section */

/* Begin PBXProject section */
		CD4A0D732A69A348009DD608 /* Project object */ = {
			isa = PBXProject;
			attributes = {
				BuildIndependentTargetsInParallel = 1;
				LastSwiftUpdateCheck = 1410;
				LastUpgradeCheck = 1410;
				TargetAttributes = {
					CD4A0D7A2A69A348009DD608 = {
						CreatedOnToolsVersion = 14.1;
					};
					CD4A0D902A69A349009DD608 = {
						CreatedOnToolsVersion = 14.1;
						TestTargetID = CD4A0D7A2A69A348009DD608;
					};
					CD4A0D9A2A69A349009DD608 = {
						CreatedOnToolsVersion = 14.1;
						TestTargetID = CD4A0D7A2A69A348009DD608;
					};
				};
			};
			buildConfigurationList = CD4A0D762A69A348009DD608 /* Build configuration list for PBXProject "checksc" */;
			compatibilityVersion = "Xcode 14.0";
			developmentRegion = en;
			hasScannedForEncodings = 0;
			knownRegions = (
				en,
				Base,
			);
			mainGroup = CD4A0D722A69A348009DD608;
			productRefGroup = CD4A0D7C2A69A348009DD608 /* Products */;
			projectDirPath = "";
			projectRoot = "";
			targets = (
				CD4A0D7A2A69A348009DD608 /* checksc */,
				CD4A0D902A69A349009DD608 /* checkscTests */,
				CD4A0D9A2A69A349009DD608 /* checkscUITests */,
			);
		};
/* End PBXProject section */

/* Begin PBXResourcesBuildPhase section */
		CD4A0D792A69A348009DD608 /* Resources */ = {
			isa = PBXResourcesBuildPhase;
			buildActionMask = 2147483647;
			files = (
				CD4A0D8B2A69A349009DD608 /* LaunchScreen.storyboard in Resources */,
				CD4A0D882A69A349009DD608 /* Assets.xcassets in Resources */,
				CD4A0D862A69A348009DD608 /* Main.storyboard in Resources */,
			);
			runOnlyForDeploymentPostprocessing = 0;
		};
		CD4A0D8F2A69A349009DD608 /* Resources */ = {
			isa = PBXResourcesBuildPhase;
			buildActionMask = 2147483647;
			files = (
			);
			runOnlyForDeploymentPostprocessing = 0;
		};
		CD4A0D992A69A349009DD608 /* Resources */ = {
			isa = PBXResourcesBuildPhase;
			buildActionMask = 2147483647;
			files = (
			);
			runOnlyForDeploymentPostprocessing = 0;
		};
/* End PBXResourcesBuildPhase section */

/* Begin PBXShellScriptBuildPhase section */
		4657EF75D51AE409956F9323 /* [CP] Check Pods Manifest.lock */ = {
			isa = PBXShellScriptBuildPhase;
			buildActionMask = 2147483647;
			files = (
			);
			inputFileListPaths = (
			);
			inputPaths = (
				"${PODS_PODFILE_DIR_PATH}/Podfile.lock",
				"${PODS_ROOT}/Manifest.lock",
			);
			name = "[CP] Check Pods Manifest.lock";
			outputFileListPaths = (
			);
			outputPaths = (
				"$(DERIVED_FILE_DIR)/Pods-checksc-checkManifestLockResult.txt",
			);
			runOnlyForDeploymentPostprocessing = 0;
			shellPath = /bin/sh;
			shellScript = "diff \"${PODS_PODFILE_DIR_PATH}/Podfile.lock\" \"${PODS_ROOT}/Manifest.lock\" > /dev/null\nif [ $? != 0 ] ; then\n    # print error to STDERR\n    echo \"error: The sandbox is not in sync with the Podfile.lock. Run 'pod install' or update your CocoaPods installation.\" >&2\n    exit 1\nfi\n# This output is used by Xcode 'outputs' to avoid re-running this script phase.\necho \"SUCCESS\" > \"${SCRIPT_OUTPUT_FILE_0}\"\n";
			showEnvVarsInLog = 0;
		};
		4CCE6E9AC0CE06B1644CD300 /* [CP] Embed Pods Frameworks */ = {
			isa = PBXShellScriptBuildPhase;
			buildActionMask = 2147483647;
			files = (
			);
			inputFileListPaths = (
				"${PODS_ROOT}/Target Support Files/Pods-checksc-checkscUITests/Pods-checksc-checkscUITests-frameworks-${CONFIGURATION}-input-files.xcfilelist",
			);
			name = "[CP] Embed Pods Frameworks";
			outputFileListPaths = (
				"${PODS_ROOT}/Target Support Files/Pods-checksc-checkscUITests/Pods-checksc-checkscUITests-frameworks-${CONFIGURATION}-output-files.xcfilelist",
			);
			runOnlyForDeploymentPostprocessing = 0;
			shellPath = /bin/sh;
			shellScript = "\"${PODS_ROOT}/Target Support Files/Pods-checksc-checkscUITests/Pods-checksc-checkscUITests-frameworks.sh\"\n";
			showEnvVarsInLog = 0;
		};
		736DB8A8698B682F0E00A0BC /* [CP] Check Pods Manifest.lock */ = {
			isa = PBXShellScriptBuildPhase;
			buildActionMask = 2147483647;
			files = (
			);
			inputFileListPaths = (
			);
			inputPaths = (
				"${PODS_PODFILE_DIR_PATH}/Podfile.lock",
				"${PODS_ROOT}/Manifest.lock",
			);
			name = "[CP] Check Pods Manifest.lock";
			outputFileListPaths = (
			);
			outputPaths = (
				"$(DERIVED_FILE_DIR)/Pods-checkscTests-checkManifestLockResult.txt",
			);
			runOnlyForDeploymentPostprocessing = 0;
			shellPath = /bin/sh;
			shellScript = "diff \"${PODS_PODFILE_DIR_PATH}/Podfile.lock\" \"${PODS_ROOT}/Manifest.lock\" > /dev/null\nif [ $? != 0 ] ; then\n    # print error to STDERR\n    echo \"error: The sandbox is not in sync with the Podfile.lock. Run 'pod install' or update your CocoaPods installation.\" >&2\n    exit 1\nfi\n# This output is used by Xcode 'outputs' to avoid re-running this script phase.\necho \"SUCCESS\" > \"${SCRIPT_OUTPUT_FILE_0}\"\n";
			showEnvVarsInLog = 0;
		};
		90629EC1A18B49DF7B441356 /* [CP] Embed Pods Frameworks */ = {
			isa = PBXShellScriptBuildPhase;
			buildActionMask = 2147483647;
			files = (
			);
			inputFileListPaths = (
				"${PODS_ROOT}/Target Support Files/Pods-checksc/Pods-checksc-frameworks-${CONFIGURATION}-input-files.xcfilelist",
			);
			name = "[CP] Embed Pods Frameworks";
			outputFileListPaths = (
				"${PODS_ROOT}/Target Support Files/Pods-checksc/Pods-checksc-frameworks-${CONFIGURATION}-output-files.xcfilelist",
			);
			runOnlyForDeploymentPostprocessing = 0;
			shellPath = /bin/sh;
			shellScript = "\"${PODS_ROOT}/Target Support Files/Pods-checksc/Pods-checksc-frameworks.sh\"\n";
			showEnvVarsInLog = 0;
		};
		A79ADB8ABDA0B763FCC35F64 /* [CP] Check Pods Manifest.lock */ = {
			isa = PBXShellScriptBuildPhase;
			buildActionMask = 2147483647;
			files = (
			);
			inputFileListPaths = (
			);
			inputPaths = (
				"${PODS_PODFILE_DIR_PATH}/Podfile.lock",
				"${PODS_ROOT}/Manifest.lock",
			);
			name = "[CP] Check Pods Manifest.lock";
			outputFileListPaths = (
			);
			outputPaths = (
				"$(DERIVED_FILE_DIR)/Pods-checksc-checkscUITests-checkManifestLockResult.txt",
			);
			runOnlyForDeploymentPostprocessing = 0;
			shellPath = /bin/sh;
			shellScript = "diff \"${PODS_PODFILE_DIR_PATH}/Podfile.lock\" \"${PODS_ROOT}/Manifest.lock\" > /dev/null\nif [ $? != 0 ] ; then\n    # print error to STDERR\n    echo \"error: The sandbox is not in sync with the Podfile.lock. Run 'pod install' or update your CocoaPods installation.\" >&2\n    exit 1\nfi\n# This output is used by Xcode 'outputs' to avoid re-running this script phase.\necho \"SUCCESS\" > \"${SCRIPT_OUTPUT_FILE_0}\"\n";
			showEnvVarsInLog = 0;
		};
/* End PBXShellScriptBuildPhase section */

/* Begin PBXSourcesBuildPhase section */
		CD4A0D772A69A348009DD608 /* Sources */ = {
			isa = PBXSourcesBuildPhase;
			buildActionMask = 2147483647;
			files = (
				CD4A0D832A69A348009DD608 /* ViewController.swift in Sources */,
				CD4A0D7F2A69A348009DD608 /* AppDelegate.swift in Sources */,
				CD4A0D812A69A348009DD608 /* SceneDelegate.swift in Sources */,
			);
			runOnlyForDeploymentPostprocessing = 0;
		};
		CD4A0D8D2A69A349009DD608 /* Sources */ = {
			isa = PBXSourcesBuildPhase;
			buildActionMask = 2147483647;
			files = (
				CD4A0D962A69A349009DD608 /* checkscTests.swift in Sources */,
			);
			runOnlyForDeploymentPostprocessing = 0;
		};
		CD4A0D972A69A349009DD608 /* Sources */ = {
			isa = PBXSourcesBuildPhase;
			buildActionMask = 2147483647;
			files = (
				CD4A0DA02A69A349009DD608 /* checkscUITests.swift in Sources */,
				CD4A0DA22A69A349009DD608 /* checkscUITestsLaunchTests.swift in Sources */,
			);
			runOnlyForDeploymentPostprocessing = 0;
		};
/* End PBXSourcesBuildPhase section */

/* Begin PBXTargetDependency section */
		CD4A0D932A69A349009DD608 /* PBXTargetDependency */ = {
			isa = PBXTargetDependency;
			target = CD4A0D7A2A69A348009DD608 /* checksc */;
			targetProxy = CD4A0D922A69A349009DD608 /* PBXContainerItemProxy */;
		};
		CD4A0D9D2A69A349009DD608 /* PBXTargetDependency */ = {
			isa = PBXTargetDependency;
			target = CD4A0D7A2A69A348009DD608 /* checksc */;
			targetProxy = CD4A0D9C2A69A349009DD608 /* PBXContainerItemProxy */;
		};
/* End PBXTargetDependency section */

/* Begin PBXVariantGroup section */
		CD4A0D842A69A348009DD608 /* Main.storyboard */ = {
			isa = PBXVariantGroup;
			children = (
				CD4A0D852A69A348009DD608 /* Base */,
			);
			name = Main.storyboard;
			sourceTree = "<group>";
		};
		CD4A0D892A69A349009DD608 /* LaunchScreen.storyboard */ = {
			isa = PBXVariantGroup;
			children = (
				CD4A0D8A2A69A349009DD608 /* Base */,
			);
			name = LaunchScreen.storyboard;
			sourceTree = "<group>";
		};
/* End PBXVariantGroup section */

/* Begin XCBuildConfiguration section */
		CD4A0DA32A69A349009DD608 /* Debug */ = {
			isa = XCBuildConfiguration;
			buildSettings = {
				ALWAYS_SEARCH_USER_PATHS = NO;
				CLANG_ANALYZER_NONNULL = YES;
				CLANG_ANALYZER_NUMBER_OBJECT_CONVERSION = YES_AGGRESSIVE;
				CLANG_CXX_LANGUAGE_STANDARD = "gnu++20";
				CLANG_ENABLE_MODULES = YES;
				CLANG_ENABLE_OBJC_ARC = YES;
				CLANG_ENABLE_OBJC_WEAK = YES;
				CLANG_WARN_BLOCK_CAPTURE_AUTORELEASING = YES;
				CLANG_WARN_BOOL_CONVERSION = YES;
				CLANG_WARN_COMMA = YES;
				CLANG_WARN_CONSTANT_CONVERSION = YES;
				CLANG_WARN_DEPRECATED_OBJC_IMPLEMENTATIONS = YES;
				CLANG_WARN_DIRECT_OBJC_ISA_USAGE = YES_ERROR;
				CLANG_WARN_DOCUMENTATION_COMMENTS = YES;
				CLANG_WARN_EMPTY_BODY = YES;
				CLANG_WARN_ENUM_CONVERSION = YES;
				CLANG_WARN_INFINITE_RECURSION = YES;
				CLANG_WARN_INT_CONVERSION = YES;
				CLANG_WARN_NON_LITERAL_NULL_CONVERSION = YES;
				CLANG_WARN_OBJC_IMPLICIT_RETAIN_SELF = YES;
				CLANG_WARN_OBJC_LITERAL_CONVERSION = YES;
				CLANG_WARN_OBJC_ROOT_CLASS = YES_ERROR;
				CLANG_WARN_QUOTED_INCLUDE_IN_FRAMEWORK_HEADER = YES;
				CLANG_WARN_RANGE_LOOP_ANALYSIS = YES;
				CLANG_WARN_STRICT_PROTOTYPES = YES;
				CLANG_WARN_SUSPICIOUS_MOVE = YES;
				CLANG_WARN_UNGUARDED_AVAILABILITY = YES_AGGRESSIVE;
				CLANG_WARN_UNREACHABLE_CODE = YES;
				CLANG_WARN__DUPLICATE_METHOD_MATCH = YES;
				COPY_PHASE_STRIP = NO;
				DEBUG_INFORMATION_FORMAT = dwarf;
				ENABLE_STRICT_OBJC_MSGSEND = YES;
				ENABLE_TESTABILITY = YES;
				GCC_C_LANGUAGE_STANDARD = gnu11;
				GCC_DYNAMIC_NO_PIC = NO;
				GCC_NO_COMMON_BLOCKS = YES;
				GCC_OPTIMIZATION_LEVEL = 0;
				GCC_PREPROCESSOR_DEFINITIONS = (
					"DEBUG=1",
					"$(inherited)",
				);
				GCC_WARN_64_TO_32_BIT_CONVERSION = YES;
				GCC_WARN_ABOUT_RETURN_TYPE = YES_ERROR;
				GCC_WARN_UNDECLARED_SELECTOR = YES;
				GCC_WARN_UNINITIALIZED_AUTOS = YES_AGGRESSIVE;
				GCC_WARN_UNUSED_FUNCTION = YES;
				GCC_WARN_UNUSED_VARIABLE = YES;
				IPHONEOS_DEPLOYMENT_TARGET = 16.1;
				MTL_ENABLE_DEBUG_INFO = INCLUDE_SOURCE;
				MTL_FAST_MATH = YES;
				ONLY_ACTIVE_ARCH = YES;
				SDKROOT = iphoneos;
				SWIFT_ACTIVE_COMPILATION_CONDITIONS = DEBUG;
				SWIFT_OPTIMIZATION_LEVEL = "-Onone";
			};
			name = Debug;
		};
		CD4A0DA42A69A349009DD608 /* Release */ = {
			isa = XCBuildConfiguration;
			buildSettings = {
				ALWAYS_SEARCH_USER_PATHS = NO;
				CLANG_ANALYZER_NONNULL = YES;
				CLANG_ANALYZER_NUMBER_OBJECT_CONVERSION = YES_AGGRESSIVE;
				CLANG_CXX_LANGUAGE_STANDARD = "gnu++20";
				CLANG_ENABLE_MODULES = YES;
				CLANG_ENABLE_OBJC_ARC = YES;
				CLANG_ENABLE_OBJC_WEAK = YES;
				CLANG_WARN_BLOCK_CAPTURE_AUTORELEASING = YES;
				CLANG_WARN_BOOL_CONVERSION = YES;
				CLANG_WARN_COMMA = YES;
				CLANG_WARN_CONSTANT_CONVERSION = YES;
				CLANG_WARN_DEPRECATED_OBJC_IMPLEMENTATIONS = YES;
				CLANG_WARN_DIRECT_OBJC_ISA_USAGE = YES_ERROR;
				CLANG_WARN_DOCUMENTATION_COMMENTS = YES;
				CLANG_WARN_EMPTY_BODY = YES;
				CLANG_WARN_ENUM_CONVERSION = YES;
				CLANG_WARN_INFINITE_RECURSION = YES;
				CLANG_WARN_INT_CONVERSION = YES;
				CLANG_WARN_NON_LITERAL_NULL_CONVERSION = YES;
				CLANG_WARN_OBJC_IMPLICIT_RETAIN_SELF = YES;
				CLANG_WARN_OBJC_LITERAL_CONVERSION = YES;
				CLANG_WARN_OBJC_ROOT_CLASS = YES_ERROR;
				CLANG_WARN_QUOTED_INCLUDE_IN_FRAMEWORK_HEADER = YES;
				CLANG_WARN_RANGE_LOOP_ANALYSIS = YES;
				CLANG_WARN_STRICT_PROTOTYPES = YES;
				CLANG_WARN_SUSPICIOUS_MOVE = YES;
				CLANG_WARN_UNGUARDED_AVAILABILITY = YES_AGGRESSIVE;
				CLANG_WARN_UNREACHABLE_CODE = YES;
				CLANG_WARN__DUPLICATE_METHOD_MATCH = YES;
				COPY_PHASE_STRIP = NO;
				DEBUG_INFORMATION_FORMAT = "dwarf-with-dsym";
				ENABLE_NS_ASSERTIONS = NO;
				ENABLE_STRICT_OBJC_MSGSEND = YES;
				GCC_C_LANGUAGE_STANDARD = gnu11;
				GCC_NO_COMMON_BLOCKS = YES;
				GCC_WARN_64_TO_32_BIT_CONVERSION = YES;
				GCC_WARN_ABOUT_RETURN_TYPE = YES_ERROR;
				GCC_WARN_UNDECLARED_SELECTOR = YES;
				GCC_WARN_UNINITIALIZED_AUTOS = YES_AGGRESSIVE;
				GCC_WARN_UNUSED_FUNCTION = YES;
				GCC_WARN_UNUSED_VARIABLE = YES;
				IPHONEOS_DEPLOYMENT_TARGET = 16.1;
				MTL_ENABLE_DEBUG_INFO = NO;
				MTL_FAST_MATH = YES;
				SDKROOT = iphoneos;
				SWIFT_COMPILATION_MODE = wholemodule;
				SWIFT_OPTIMIZATION_LEVEL = "-O";
				VALIDATE_PRODUCT = YES;
			};
			name = Release;
		};
		CD4A0DA62A69A349009DD608 /* Debug */ = {
			isa = XCBuildConfiguration;
			baseConfigurationReference = A61C4E18DCA074D3D7658953 /* Pods-checksc.debug.xcconfig */;
			buildSettings = {
				ASSETCATALOG_COMPILER_APPICON_NAME = AppIcon;
				ASSETCATALOG_COMPILER_GLOBAL_ACCENT_COLOR_NAME = AccentColor;
				CODE_SIGN_STYLE = Automatic;
				CURRENT_PROJECT_VERSION = 1;
				DEVELOPMENT_TEAM = Q27DNYL4X4;
				GENERATE_INFOPLIST_FILE = YES;
				INFOPLIST_FILE = checksc/Info.plist;
				INFOPLIST_KEY_UIApplicationSupportsIndirectInputEvents = YES;
				INFOPLIST_KEY_UILaunchStoryboardName = LaunchScreen;
				INFOPLIST_KEY_UIMainStoryboardFile = Main;
				INFOPLIST_KEY_UISupportedInterfaceOrientations_iPad = "UIInterfaceOrientationPortrait UIInterfaceOrientationPortraitUpsideDown UIInterfaceOrientationLandscapeLeft UIInterfaceOrientationLandscapeRight";
				INFOPLIST_KEY_UISupportedInterfaceOrientations_iPhone = "UIInterfaceOrientationPortrait UIInterfaceOrientationLandscapeLeft UIInterfaceOrientationLandscapeRight";
				LD_RUNPATH_SEARCH_PATHS = (
					"$(inherited)",
					"@executable_path/Frameworks",
				);
				MARKETING_VERSION = 1.0;
				PRODUCT_BUNDLE_IDENTIFIER = com.bg.checksc;
				PRODUCT_NAME = "$(TARGET_NAME)";
				SWIFT_EMIT_LOC_STRINGS = YES;
				SWIFT_VERSION = 5.0;
				TARGETED_DEVICE_FAMILY = "1,2";
			};
			name = Debug;
		};
		CD4A0DA72A69A349009DD608 /* Release */ = {
			isa = XCBuildConfiguration;
			baseConfigurationReference = 89861EA0B33E06A29E60222B /* Pods-checksc.release.xcconfig */;
			buildSettings = {
				ASSETCATALOG_COMPILER_APPICON_NAME = AppIcon;
				ASSETCATALOG_COMPILER_GLOBAL_ACCENT_COLOR_NAME = AccentColor;
				CODE_SIGN_STYLE = Automatic;
				CURRENT_PROJECT_VERSION = 1;
				DEVELOPMENT_TEAM = Q27DNYL4X4;
				GENERATE_INFOPLIST_FILE = YES;
				INFOPLIST_FILE = checksc/Info.plist;
				INFOPLIST_KEY_UIApplicationSupportsIndirectInputEvents = YES;
				INFOPLIST_KEY_UILaunchStoryboardName = LaunchScreen;
				INFOPLIST_KEY_UIMainStoryboardFile = Main;
				INFOPLIST_KEY_UISupportedInterfaceOrientations_iPad = "UIInterfaceOrientationPortrait UIInterfaceOrientationPortraitUpsideDown UIInterfaceOrientationLandscapeLeft UIInterfaceOrientationLandscapeRight";
				INFOPLIST_KEY_UISupportedInterfaceOrientations_iPhone = "UIInterfaceOrientationPortrait UIInterfaceOrientationLandscapeLeft UIInterfaceOrientationLandscapeRight";
				LD_RUNPATH_SEARCH_PATHS = (
					"$(inherited)",
					"@executable_path/Frameworks",
				);
				MARKETING_VERSION = 1.0;
				PRODUCT_BUNDLE_IDENTIFIER = com.bg.checksc;
				PRODUCT_NAME = "$(TARGET_NAME)";
				SWIFT_EMIT_LOC_STRINGS = YES;
				SWIFT_VERSION = 5.0;
				TARGETED_DEVICE_FAMILY = "1,2";
			};
			name = Release;
		};
		CD4A0DA92A69A349009DD608 /* Debug */ = {
			isa = XCBuildConfiguration;
			baseConfigurationReference = AEC68FFF346B6D0A2EEFE425 /* Pods-checkscTests.debug.xcconfig */;
			buildSettings = {
				ALWAYS_EMBED_SWIFT_STANDARD_LIBRARIES = YES;
				BUNDLE_LOADER = "$(TEST_HOST)";
				CODE_SIGN_STYLE = Automatic;
				CURRENT_PROJECT_VERSION = 1;
				DEVELOPMENT_TEAM = Q27DNYL4X4;
				GENERATE_INFOPLIST_FILE = YES;
				IPHONEOS_DEPLOYMENT_TARGET = 16.1;
				MARKETING_VERSION = 1.0;
				PRODUCT_BUNDLE_IDENTIFIER = com.bg.checkscTests;
				PRODUCT_NAME = "$(TARGET_NAME)";
				SWIFT_EMIT_LOC_STRINGS = NO;
				SWIFT_VERSION = 5.0;
				TARGETED_DEVICE_FAMILY = "1,2";
				TEST_HOST = "$(BUILT_PRODUCTS_DIR)/checksc.app/$(BUNDLE_EXECUTABLE_FOLDER_PATH)/checksc";
			};
			name = Debug;
		};
		CD4A0DAA2A69A349009DD608 /* Release */ = {
			isa = XCBuildConfiguration;
			baseConfigurationReference = C7B3C5E9E8CFBF4DE4FB4482 /* Pods-checkscTests.release.xcconfig */;
			buildSettings = {
				ALWAYS_EMBED_SWIFT_STANDARD_LIBRARIES = YES;
				BUNDLE_LOADER = "$(TEST_HOST)";
				CODE_SIGN_STYLE = Automatic;
				CURRENT_PROJECT_VERSION = 1;
				DEVELOPMENT_TEAM = Q27DNYL4X4;
				GENERATE_INFOPLIST_FILE = YES;
				IPHONEOS_DEPLOYMENT_TARGET = 16.1;
				MARKETING_VERSION = 1.0;
				PRODUCT_BUNDLE_IDENTIFIER = com.bg.checkscTests;
				PRODUCT_NAME = "$(TARGET_NAME)";
				SWIFT_EMIT_LOC_STRINGS = NO;
				SWIFT_VERSION = 5.0;
				TARGETED_DEVICE_FAMILY = "1,2";
				TEST_HOST = "$(BUILT_PRODUCTS_DIR)/checksc.app/$(BUNDLE_EXECUTABLE_FOLDER_PATH)/checksc";
			};
			name = Release;
		};
		CD4A0DAC2A69A349009DD608 /* Debug */ = {
			isa = XCBuildConfiguration;
			baseConfigurationReference = E83ED619F4152EDE61ADE1F7 /* Pods-checksc-checkscUITests.debug.xcconfig */;
			buildSettings = {
				ALWAYS_EMBED_SWIFT_STANDARD_LIBRARIES = YES;
				CODE_SIGN_STYLE = Automatic;
				CURRENT_PROJECT_VERSION = 1;
				DEVELOPMENT_TEAM = Q27DNYL4X4;
				GENERATE_INFOPLIST_FILE = YES;
				MARKETING_VERSION = 1.0;
				PRODUCT_BUNDLE_IDENTIFIER = com.bg.checkscUITests;
				PRODUCT_NAME = "$(TARGET_NAME)";
				SWIFT_EMIT_LOC_STRINGS = NO;
				SWIFT_VERSION = 5.0;
				TARGETED_DEVICE_FAMILY = "1,2";
				TEST_TARGET_NAME = checksc;
			};
			name = Debug;
		};
		CD4A0DAD2A69A349009DD608 /* Release */ = {
			isa = XCBuildConfiguration;
			baseConfigurationReference = B8F210E6120194AF999D5F02 /* Pods-checksc-checkscUITests.release.xcconfig */;
			buildSettings = {
				ALWAYS_EMBED_SWIFT_STANDARD_LIBRARIES = YES;
				CODE_SIGN_STYLE = Automatic;
				CURRENT_PROJECT_VERSION = 1;
				DEVELOPMENT_TEAM = Q27DNYL4X4;
				GENERATE_INFOPLIST_FILE = YES;
				MARKETING_VERSION = 1.0;
				PRODUCT_BUNDLE_IDENTIFIER = com.bg.checkscUITests;
				PRODUCT_NAME = "$(TARGET_NAME)";
				SWIFT_EMIT_LOC_STRINGS = NO;
				SWIFT_VERSION = 5.0;
				TARGETED_DEVICE_FAMILY = "1,2";
				TEST_TARGET_NAME = checksc;
			};
			name = Release;
		};
/* End XCBuildConfiguration section */

/* Begin XCConfigurationList section */
		CD4A0D762A69A348009DD608 /* Build configuration list for PBXProject "checksc" */ = {
			isa = XCConfigurationList;
			buildConfigurations = (
				CD4A0DA32A69A349009DD608 /* Debug */,
				CD4A0DA42A69A349009DD608 /* Release */,
			);
			defaultConfigurationIsVisible = 0;
			defaultConfigurationName = Release;
		};
		CD4A0DA52A69A349009DD608 /* Build configuration list for PBXNativeTarget "checksc" */ = {
			isa = XCConfigurationList;
			buildConfigurations = (
				CD4A0DA62A69A349009DD608 /* Debug */,
				CD4A0DA72A69A349009DD608 /* Release */,
			);
			defaultConfigurationIsVisible = 0;
			defaultConfigurationName = Release;
		};
		CD4A0DA82A69A349009DD608 /* Build configuration list for PBXNativeTarget "checkscTests" */ = {
			isa = XCConfigurationList;
			buildConfigurations = (
				CD4A0DA92A69A349009DD608 /* Debug */,
				CD4A0DAA2A69A349009DD608 /* Release */,
			);
			defaultConfigurationIsVisible = 0;
			defaultConfigurationName = Release;
		};
		CD4A0DAB2A69A349009DD608 /* Build configuration list for PBXNativeTarget "checkscUITests" */ = {
			isa = XCConfigurationList;
			buildConfigurations = (
				CD4A0DAC2A69A349009DD608 /* Debug */,
				CD4A0DAD2A69A349009DD608 /* Release */,
			);
			defaultConfigurationIsVisible = 0;
			defaultConfigurationName = Release;
		};
/* End XCConfigurationList section */
	};
	rootObject = CD4A0D732A69A348009DD608 /* Project object */;
}
